
Microsoft Visual Studio Solution File, Format Version 12.00
# Visual Studio 14
VisualStudioVersion = 14.0.24720.0
MinimumVisualStudioVersion = 10.0.40219.1
Project("{FAE04EC0-301F-11D3-BF4B-00C04F79EFBC}") = "SEC2ON", "SEC2ON\SEC2ON.csproj", "{136C48BB-9E50-4163-B3A2-DA141D7C35C6}"
	ProjectSection(ProjectDependencies) = postProject
		{1EB38B00-1438-4B09-908F-C523DCB45B23} = {1EB38B00-1438-4B09-908F-C523DCB45B23}
	EndProjectSection
EndProject
Project("{FAE04EC0-301F-11D3-BF4B-00C04F79EFBC}") = "LBPasswordAndCryptoServices", "LBPasswordHandlingCryptoServices\LBPasswordAndCryptoServices.csproj", "{1EB38B00-1438-4B09-908F-C523DCB45B23}"
EndProject
Project("{2150E333-8FDC-42A3-9474-1A3956D46DE8}") = "Dev", "Dev", "{200EB8D1-7B8F-4FAA-8A4A-16530A18903B}"
	ProjectSection(SolutionItems) = preProject
		Changelog.txt = Changelog.txt
		CRT.xlsx = CRT.xlsx
	EndProjectSection
EndProject
Project("{2150E333-8FDC-42A3-9474-1A3956D46DE8}") = "Projects", "Projects", "{0123797B-C573-420B-9F14-296CAF44A9D6}"
EndProject
Global
	GlobalSection(SolutionConfigurationPlatforms) = preSolution
		Debug|Any CPU = Debug|Any CPU
		Debug|Mixed Platforms = Debug|Mixed Platforms
		Debug|x86 = Debug|x86
		Release|Any CPU = Release|Any CPU
		Release|Mixed Platforms = Release|Mixed Platforms
		Release|x86 = Release|x86
	EndGlobalSection
	GlobalSection(ProjectConfigurationPlatforms) = postSolution
		{136C48BB-9E50-4163-B3A2-DA141D7C35C6}.Debug|Any CPU.ActiveCfg = Debug|Any CPU
		{136C48BB-9E50-4163-B3A2-DA141D7C35C6}.Debug|Any CPU.Build.0 = Debug|Any CPU
		{136C48BB-9E50-4163-B3A2-DA141D7C35C6}.Debug|Mixed Platforms.ActiveCfg = Debug|x86
		{136C48BB-9E50-4163-B3A2-DA141D7C35C6}.Debug|Mixed Platforms.Build.0 = Debug|x86
		{136C48BB-9E50-4163-B3A2-DA141D7C35C6}.Debug|x86.ActiveCfg = Debug|x86
		{136C48BB-9E50-4163-B3A2-DA141D7C35C6}.Debug|x86.Build.0 = Debug|x86
		{136C48BB-9E50-4163-B3A2-DA141D7C35C6}.Release|Any CPU.ActiveCfg = Release|Any CPU
		{136C48BB-9E50-4163-B3A2-DA141D7C35C6}.Release|Any CPU.Build.0 = Release|Any CPU
		{136C48BB-9E50-4163-B3A2-DA141D7C35C6}.Release|Mixed Platforms.ActiveCfg = Release|x86
		{136C48BB-9E50-4163-B3A2-DA141D7C35C6}.Release|Mixed Platforms.Build.0 = Release|x86
		{136C48BB-9E50-4163-B3A2-DA141D7C35C6}.Release|x86.ActiveCfg = Release|x86
		{136C48BB-9E50-4163-B3A2-DA141D7C35C6}.Release|x86.Build.0 = Release|x86
		{1EB38B00-1438-4B09-908F-C523DCB45B23}.Debug|Any CPU.ActiveCfg = Debug|Any CPU
		{1EB38B00-1438-4B09-908F-C523DCB45B23}.Debug|Any CPU.Build.0 = Debug|Any CPU
		{1EB38B00-1438-4B09-908F-C523DCB45B23}.Debug|Mixed Platforms.ActiveCfg = Debug|Any CPU
		{1EB38B00-1438-4B09-908F-C523DCB45B23}.Debug|Mixed Platforms.Build.0 = Debug|Any CPU
		{1EB38B00-1438-4B09-908F-C523DCB45B23}.Debug|x86.ActiveCfg = Debug|Any CPU
		{1EB38B00-1438-4B09-908F-C523DCB45B23}.Release|Any CPU.ActiveCfg = Release|Any CPU
		{1EB38B00-1438-4B09-908F-C523DCB45B23}.Release|Any CPU.Build.0 = Release|Any CPU
		{1EB38B00-1438-4B09-908F-C523DCB45B23}.Release|Mixed Platforms.ActiveCfg = Release|Any CPU
		{1EB38B00-1438-4B09-908F-C523DCB45B23}.Release|Mixed Platforms.Build.0 = Release|Any CPU
		{1EB38B00-1438-4B09-908F-C523DCB45B23}.Release|x86.ActiveCfg = Release|Any CPU
	EndGlobalSection
	GlobalSection(SolutionProperties) = preSolution
		HideSolutionNode = FALSE
	EndGlobalSection
	GlobalSection(NestedProjects) = preSolution
		{136C48BB-9E50-4163-B3A2-DA141D7C35C6} = {0123797B-C573-420B-9F14-296CAF44A9D6}
		{1EB38B00-1438-4B09-908F-C523DCB45B23} = {0123797B-C573-420B-9F14-296CAF44A9D6}
	EndGlobalSection
EndGlobal
